// !$*UTF8*$!
{
	archiveVersion = 1;
	classes = {
	};
	objectVersion = 50;
	objects = {

/* Begin PBXBuildFile section */
		E3767472237C3A1A00D22625 /* AppDelegate.swift in Sources */ = {isa = PBXBuildFile; fileRef = E3767471237C3A1A00D22625 /* AppDelegate.swift */; };
		E3767474237C3A1A00D22625 /* ViewController.swift in Sources */ = {isa = PBXBuildFile; fileRef = E3767473237C3A1A00D22625 /* ViewController.swift */; };
		E3767477237C3A1A00D22625 /* Main.storyboard in Resources */ = {isa = PBXBuildFile; fileRef = E3767475237C3A1A00D22625 /* Main.storyboard */; };
		E3767479237C3A1C00D22625 /* Assets.xcassets in Resources */ = {isa = PBXBuildFile; fileRef = E3767478237C3A1C00D22625 /* Assets.xcassets */; };
		E376747C237C3A1C00D22625 /* LaunchScreen.storyboard in Resources */ = {isa = PBXBuildFile; fileRef = E376747A237C3A1C00D22625 /* LaunchScreen.storyboard */; };
		E376748C237D59A800D22625 /* ahorcado_5.png in Resources */ = {isa = PBXBuildFile; fileRef = E3767484237D59A800D22625 /* ahorcado_5.png */; };
		E376748D237D59A800D22625 /* ahorcado_4.png in Resources */ = {isa = PBXBuildFile; fileRef = E3767485237D59A800D22625 /* ahorcado_4.png */; };
		E376748E237D59A800D22625 /* ahorcado_3.png in Resources */ = {isa = PBXBuildFile; fileRef = E3767486237D59A800D22625 /* ahorcado_3.png */; };
		E376748F237D59A800D22625 /* ahorcado_0.png in Resources */ = {isa = PBXBuildFile; fileRef = E3767487237D59A800D22625 /* ahorcado_0.png */; };
		E3767490237D59A800D22625 /* acertasteTodo.png in Resources */ = {isa = PBXBuildFile; fileRef = E3767488237D59A800D22625 /* acertasteTodo.png */; };
		E3767491237D59A800D22625 /* ahorcado_1.png in Resources */ = {isa = PBXBuildFile; fileRef = E3767489237D59A800D22625 /* ahorcado_1.png */; };
		E3767492237D59A800D22625 /* ahorcado_fin.png in Resources */ = {isa = PBXBuildFile; fileRef = E376748A237D59A800D22625 /* ahorcado_fin.png */; };
		E3767493237D59A800D22625 /* ahorcado_2.png in Resources */ = {isa = PBXBuildFile; fileRef = E376748B237D59A800D22625 /* ahorcado_2.png */; };
/* End PBXBuildFile section */

/* Begin PBXFileReference section */
		E376746E237C3A1A00D22625 /* Ahorcado.app */ = {isa = PBXFileReference; explicitFileType = wrapper.application; includeInIndex = 0; path = Ahorcado.app; sourceTree = BUILT_PRODUCTS_DIR; };
		E3767471237C3A1A00D22625 /* AppDelegate.swift */ = {isa = PBXFileReference; lastKnownFileType = sourcecode.swift; path = AppDelegate.swift; sourceTree = "<group>"; };
		E3767473237C3A1A00D22625 /* ViewController.swift */ = {isa = PBXFileReference; lastKnownFileType = sourcecode.swift; path = ViewController.swift; sourceTree = "<group>"; };
		E3767476237C3A1A00D22625 /* Base */ = {isa = PBXFileReference; lastKnownFileType = file.storyboard; name = Base; path = Base.lproj/Main.storyboard; sourceTree = "<group>"; };
		E3767478237C3A1C00D22625 /* Assets.xcassets */ = {isa = PBXFileReference; lastKnownFileType = folder.assetcatalog; path = Assets.xcassets; sourceTree = "<group>"; };
		E376747B237C3A1C00D22625 /* Base */ = {isa = PBXFileReference; lastKnownFileType = file.storyboard; name = Base; path = Base.lproj/LaunchScreen.storyboard; sourceTree = "<group>"; };
		E376747D237C3A1C00D22625 /* Info.plist */ = {isa = PBXFileReference; lastKnownFileType = text.plist.xml; path = Info.plist; sourceTree = "<group>"; };
		E3767484237D59A800D22625 /* ahorcado_5.png */ = {isa = PBXFileReference; lastKnownFileType = image.png; path = ahorcado_5.png; sourceTree = "<group>"; };
		E3767485237D59A800D22625 /* ahorcado_4.png */ = {isa = PBXFileReference; lastKnownFileType = image.png; path = ahorcado_4.png; sourceTree = "<group>"; };
		E3767486237D59A800D22625 /* ahorcado_3.png */ = {isa = PBXFileReference; lastKnownFileType = image.png; path = ahorcado_3.png; sourceTree = "<group>"; };
		E3767487237D59A800D22625 /* ahorcado_0.png */ = {isa = PBXFileReference; lastKnownFileType = image.png; path = ahorcado_0.png; sourceTree = "<group>"; };
		E3767488237D59A800D22625 /* acertasteTodo.png */ = {isa = PBXFileReference; lastKnownFileType = image.png; path = acertasteTodo.png; sourceTree = "<group>"; };
		E3767489237D59A800D22625 /* ahorcado_1.png */ = {isa = PBXFileReference; lastKnownFileType = image.png; path = ahorcado_1.png; sourceTree = "<group>"; };
		E376748A237D59A800D22625 /* ahorcado_fin.png */ = {isa = PBXFileReference; lastKnownFileType = image.png; path = ahorcado_fin.png; sourceTree = "<group>"; };
		E376748B237D59A800D22625 /* ahorcado_2.png */ = {isa = PBXFileReference; lastKnownFileType = image.png; path = ahorcado_2.png; sourceTree = "<group>"; };
/* End PBXFileReference section */

/* Begin PBXFrameworksBuildPhase section */
		E376746B237C3A1A00D22625 /* Frameworks */ = {
			isa = PBXFrameworksBuildPhase;
			buildActionMask = 2147483647;
			files = (
			);
			runOnlyForDeploymentPostprocessing = 0;
		};
/* End PBXFrameworksBuildPhase section */

/* Begin PBXGroup section */
		E3767465237C3A1A00D22625 = {
			isa = PBXGroup;
			children = (
				E3767483237D58BF00D22625 /* Imagenes */,
				E3767470237C3A1A00D22625 /* Ahorcado */,
				E376746F237C3A1A00D22625 /* Products */,
			);
			sourceTree = "<group>";
		};
		E376746F237C3A1A00D22625 /* Products */ = {
			isa = PBXGroup;
			children = (
				E376746E237C3A1A00D22625 /* Ahorcado.app */,
			);
			name = Products;
			sourceTree = "<group>";
		};
		E3767470237C3A1A00D22625 /* Ahorcado */ = {
			isa = PBXGroup;
			children = (
				E3767471237C3A1A00D22625 /* AppDelegate.swift */,
				E3767473237C3A1A00D22625 /* ViewController.swift */,
				E3767475237C3A1A00D22625 /* Main.storyboard */,
				E3767478237C3A1C00D22625 /* Assets.xcassets */,
				E376747A237C3A1C00D22625 /* LaunchScreen.storyboard */,
				E376747D237C3A1C00D22625 /* Info.plist */,
			);
			path = Ahorcado;
			sourceTree = "<group>";
		};
		E3767483237D58BF00D22625 /* Imagenes */ = {
			isa = PBXGroup;
			children = (
				E3767488237D59A800D22625 /* acertasteTodo.png */,
				E3767487237D59A800D22625 /* ahorcado_0.png */,
				E3767489237D59A800D22625 /* ahorcado_1.png */,
				E376748B237D59A800D22625 /* ahorcado_2.png */,
				E3767486237D59A800D22625 /* ahorcado_3.png */,
				E3767485237D59A800D22625 /* ahorcado_4.png */,
				E3767484237D59A800D22625 /* ahorcado_5.png */,
				E376748A237D59A800D22625 /* ahorcado_fin.png */,
			);
			path = Imagenes;
			sourceTree = "<group>";
		};
/* End PBXGroup section */

/* Begin PBXNativeTarget section */
		E376746D237C3A1A00D22625 /* Ahorcado */ = {
			isa = PBXNativeTarget;
			buildConfigurationList = E3767480237C3A1C00D22625 /* Build configuration list for PBXNativeTarget "Ahorcado" */;
			buildPhases = (
				E376746A237C3A1A00D22625 /* Sources */,
				E376746B237C3A1A00D22625 /* Frameworks */,
				E376746C237C3A1A00D22625 /* Resources */,
			);
			buildRules = (
			);
			dependencies = (
			);
			name = Ahorcado;
			productName = Ahorcado;
			productReference = E376746E237C3A1A00D22625 /* Ahorcado.app */;
			productType = "com.apple.product-type.application";
		};
/* End PBXNativeTarget section */

/* Begin PBXProject section */
		E3767466237C3A1A00D22625 /* Project object */ = {
			isa = PBXProject;
			attributes = {
				LastSwiftUpdateCheck = 0940;
				LastUpgradeCheck = 0940;
				ORGANIZATIONNAME = Sharon;
				TargetAttributes = {
					E376746D237C3A1A00D22625 = {
						CreatedOnToolsVersion = 9.4.1;
					};
				};
			};
			buildConfigurationList = E3767469237C3A1A00D22625 /* Build configuration list for PBXProject "Ahorcado" */;
			compatibilityVersion = "Xcode 9.3";
			developmentRegion = en;
			hasScannedForEncodings = 0;
			knownRegions = (
				en,
				Base,
			);
			mainGroup = E3767465237C3A1A00D22625;
			productRefGroup = E376746F237C3A1A00D22625 /* Products */;
			projectDirPath = "";
			projectRoot = "";
			targets = (
				E376746D237C3A1A00D22625 /* Ahorcado */,
			);
		};
/* End PBXProject section */

/* Begin PBXResourcesBuildPhase section */
		E376746C237C3A1A00D22625 /* Resources */ = {
			isa = PBXResourcesBuildPhase;
			buildActionMask = 2147483647;
			files = (
				E376748E237D59A800D22625 /* ahorcado_3.png in Resources */,
				E376747C237C3A1C00D22625 /* LaunchScreen.storyboard in Resources */,
				E376748D237D59A800D22625 /* ahorcado_4.png in Resources */,
				E376748F237D59A800D22625 /* ahorcado_0.png in Resources */,
				E3767479237C3A1C00D22625 /* Assets.xcassets in Resources */,
				E3767491237D59A800D22625 /* ahorcado_1.png in Resources */,
				E3767492237D59A800D22625 /* ahorcado_fin.png in Resources */,
				E3767493237D59A800D22625 /* ahorcado_2.png in Resources */,
				E376748C237D59A800D22625 /* ahorcado_5.png in Resources */,
				E3767490237D59A800D22625 /* acertasteTodo.png in Resources */,
				E3767477237C3A1A00D22625 /* Main.storyboard in Resources */,
			);
			runOnlyForDeploymentPostprocessing = 0;
		};
/* End PBXResourcesBuildPhase section */

/* Begin PBXSourcesBuildPhase section */
		E376746A237C3A1A00D22625 /* Sources */ = {
			isa = PBXSourcesBuildPhase;
			buildActionMask = 2147483647;
			files = (
				E3767474237C3A1A00D22625 /* ViewController.swift in Sources */,
				E3767472237C3A1A00D22625 /* AppDelegate.swift in Sources */,
			);
			runOnlyForDeploymentPostprocessing = 0;
		};
/* End PBXSourcesBuildPhase section */

/* Begin PBXVariantGroup section */
		E3767475237C3A1A00D22625 /* Main.storyboard */ = {
			isa = PBXVariantGroup;
			children = (
				E3767476237C3A1A00D22625 /* Base */,
			);
			name = Main.storyboard;
			sourceTree = "<group>";
		};
		E376747A237C3A1C00D22625 /* LaunchScreen.storyboard */ = {
			isa = PBXVariantGroup;
			children = (
				E376747B237C3A1C00D22625 /* Base */,
			);
			name = LaunchScreen.storyboard;
			sourceTree = "<group>";
		};
/* End PBXVariantGroup section */

/* Begin XCBuildConfiguration section */
		E376747E237C3A1C00D22625 /* Debug */ = {
			isa = XCBuildConfiguration;
			buildSettings = {
				ALWAYS_SEARCH_USER_PATHS = NO;
				CLANG_ANALYZER_NONNULL = YES;
				CLANG_ANALYZER_NUMBER_OBJECT_CONVERSION = YES_AGGRESSIVE;
				CLANG_CXX_LANGUAGE_STANDARD = "gnu++14";
				CLANG_CXX_LIBRARY = "libc++";
				CLANG_ENABLE_MODULES = YES;
				CLANG_ENABLE_OBJC_ARC = YES;
				CLANG_ENABLE_OBJC_WEAK = YES;
				CLANG_WARN_BLOCK_CAPTURE_AUTORELEASING = YES;
				CLANG_WARN_BOOL_CONVERSION = YES;
				CLANG_WARN_COMMA = YES;
				CLANG_WARN_CONSTANT_CONVERSION = YES;
				CLANG_WARN_DEPRECATED_OBJC_IMPLEMENTATIONS = YES;
				CLANG_WARN_DIRECT_OBJC_ISA_USAGE = YES_ERROR;
				CLANG_WARN_DOCUMENTATION_COMMENTS = YES;
				CLANG_WARN_EMPTY_BODY = YES;
				CLANG_WARN_ENUM_CONVERSION = YES;
				CLANG_WARN_INFINITE_RECURSION = YES;
				CLANG_WARN_INT_CONVERSION = YES;
				CLANG_WARN_NON_LITERAL_NULL_CONVERSION = YES;
				CLANG_WARN_OBJC_IMPLICIT_RETAIN_SELF = YES;
				CLANG_WARN_OBJC_LITERAL_CONVERSION = YES;
				CLANG_WARN_OBJC_ROOT_CLASS = YES_ERROR;
				CLANG_WARN_RANGE_LOOP_ANALYSIS = YES;
				CLANG_WARN_STRICT_PROTOTYPES = YES;
				CLANG_WARN_SUSPICIOUS_MOVE = YES;
				CLANG_WARN_UNGUARDED_AVAILABILITY = YES_AGGRESSIVE;
				CLANG_WARN_UNREACHABLE_CODE = YES;
				CLANG_WARN__DUPLICATE_METHOD_MATCH = YES;
				CODE_SIGN_IDENTITY = "iPhone Developer";
				COPY_PHASE_STRIP = NO;
				DEBUG_INFORMATION_FORMAT = dwarf;
				ENABLE_STRICT_OBJC_MSGSEND = YES;
				ENABLE_TESTABILITY = YES;
				GCC_C_LANGUAGE_STANDARD = gnu11;
				GCC_DYNAMIC_NO_PIC = NO;
				GCC_NO_COMMON_BLOCKS = YES;
				GCC_OPTIMIZATION_LEVEL = 0;
				GCC_PREPROCESSOR_DEFINITIONS = (
					"DEBUG=1",
					"$(inherited)",
				);
				GCC_WARN_64_TO_32_BIT_CONVERSION = YES;
				GCC_WARN_ABOUT_RETURN_TYPE = YES_ERROR;
				GCC_WARN_UNDECLARED_SELECTOR = YES;
				GCC_WARN_UNINITIALIZED_AUTOS = YES_AGGRESSIVE;
				GCC_WARN_UNUSED_FUNCTION = YES;
				GCC_WARN_UNUSED_VARIABLE = YES;
				IPHONEOS_DEPLOYMENT_TARGET = 11.4;
				MTL_ENABLE_DEBUG_INFO = YES;
				ONLY_ACTIVE_ARCH = YES;
				SDKROOT = iphoneos;
				SWIFT_ACTIVE_COMPILATION_CONDITIONS = DEBUG;
				SWIFT_OPTIMIZATION_LEVEL = "-Onone";
			};
			name = Debug;
		};
		E376747F237C3A1C00D22625 /* Release */ = {
			isa = XCBuildConfiguration;
			buildSettings = {
				ALWAYS_SEARCH_USER_PATHS = NO;
				CLANG_ANALYZER_NONNULL = YES;
				CLANG_ANALYZER_NUMBER_OBJECT_CONVERSION = YES_AGGRESSIVE;
				CLANG_CXX_LANGUAGE_STANDARD = "gnu++14";
				CLANG_CXX_LIBRARY = "libc++";
				CLANG_ENABLE_MODULES = YES;
				CLANG_ENABLE_OBJC_ARC = YES;
				CLANG_ENABLE_OBJC_WEAK = YES;
				CLANG_WARN_BLOCK_CAPTURE_AUTORELEASING = YES;
				CLANG_WARN_BOOL_CONVERSION = YES;
				CLANG_WARN_COMMA = YES;
				CLANG_WARN_CONSTANT_CONVERSION = YES;
				CLANG_WARN_DEPRECATED_OBJC_IMPLEMENTATIONS = YES;
				CLANG_WARN_DIRECT_OBJC_ISA_USAGE = YES_ERROR;
				CLANG_WARN_DOCUMENTATION_COMMENTS = YES;
				CLANG_WARN_EMPTY_BODY = YES;
				CLANG_WARN_ENUM_CONVERSION = YES;
				CLANG_WARN_INFINITE_RECURSION = YES;
				CLANG_WARN_INT_CONVERSION = YES;
				CLANG_WARN_NON_LITERAL_NULL_CONVERSION = YES;
				CLANG_WARN_OBJC_IMPLICIT_RETAIN_SELF = YES;
				CLANG_WARN_OBJC_LITERAL_CONVERSION = YES;
				CLANG_WARN_OBJC_ROOT_CLASS = YES_ERROR;
				CLANG_WARN_RANGE_LOOP_ANALYSIS = YES;
				CLANG_WARN_STRICT_PROTOTYPES = YES;
				CLANG_WARN_SUSPICIOUS_MOVE = YES;
				CLANG_WARN_UNGUARDED_AVAILABILITY = YES_AGGRESSIVE;
				CLANG_WARN_UNREACHABLE_CODE = YES;
				CLANG_WARN__DUPLICATE_METHOD_MATCH = YES;
				CODE_SIGN_IDENTITY = "iPhone Developer";
				COPY_PHASE_STRIP = NO;
				DEBUG_INFORMATION_FORMAT = "dwarf-with-dsym";
				ENABLE_NS_ASSERTIONS = NO;
				ENABLE_STRICT_OBJC_MSGSEND = YES;
				GCC_C_LANGUAGE_STANDARD = gnu11;
				GCC_NO_COMMON_BLOCKS = YES;
				GCC_WARN_64_TO_32_BIT_CONVERSION = YES;
				GCC_WARN_ABOUT_RETURN_TYPE = YES_ERROR;
				GCC_WARN_UNDECLARED_SELECTOR = YES;
				GCC_WARN_UNINITIALIZED_AUTOS = YES_AGGRESSIVE;
				GCC_WARN_UNUSED_FUNCTION = YES;
				GCC_WARN_UNUSED_VARIABLE = YES;
				IPHONEOS_DEPLOYMENT_TARGET = 11.4;
				MTL_ENABLE_DEBUG_INFO = NO;
				SDKROOT = iphoneos;
				SWIFT_COMPILATION_MODE = wholemodule;
				SWIFT_OPTIMIZATION_LEVEL = "-O";
				VALIDATE_PRODUCT = YES;
			};
			name = Release;
		};
		E3767481237C3A1C00D22625 /* Debug */ = {
			isa = XCBuildConfiguration;
			buildSettings = {
				ASSETCATALOG_COMPILER_APPICON_NAME = AppIcon;
				CODE_SIGN_STYLE = Automatic;
				INFOPLIST_FILE = Ahorcado/Info.plist;
				LD_RUNPATH_SEARCH_PATHS = (
					"$(inherited)",
					"@executable_path/Frameworks",
				);
				PRODUCT_BUNDLE_IDENTIFIER = Sharon.Ahorcado;
				PRODUCT_NAME = "$(TARGET_NAME)";
				SWIFT_VERSION = 4.0;
				TARGETED_DEVICE_FAMILY = "1,2";
			};
			name = Debug;
		};
		E3767482237C3A1C00D22625 /* Release */ = {
			isa = XCBuildConfiguration;
			buildSettings = {
				ASSETCATALOG_COMPILER_APPICON_NAME = AppIcon;
				CODE_SIGN_STYLE = Automatic;
				INFOPLIST_FILE = Ahorcado/Info.plist;
				LD_RUNPATH_SEARCH_PATHS = (
					"$(inherited)",
					"@executable_path/Frameworks",
				);
				PRODUCT_BUNDLE_IDENTIFIER = Sharon.Ahorcado;
				PRODUCT_NAME = "$(TARGET_NAME)";
				SWIFT_VERSION = 4.0;
				TARGETED_DEVICE_FAMILY = "1,2";
			};
			name = Release;
		};
/* End XCBuildConfiguration section */

/* Begin XCConfigurationList section */
		E3767469237C3A1A00D22625 /* Build configuration list for PBXProject "Ahorcado" */ = {
			isa = XCConfigurationList;
			buildConfigurations = (
				E376747E237C3A1C00D22625 /* Debug */,
				E376747F237C3A1C00D22625 /* Release */,
			);
			defaultConfigurationIsVisible = 0;
			defaultConfigurationName = Release;
		};
		E3767480237C3A1C00D22625 /* Build configuration list for PBXNativeTarget "Ahorcado" */ = {
			isa = XCConfigurationList;
			buildConfigurations = (
				E3767481237C3A1C00D22625 /* Debug */,
				E3767482237C3A1C00D22625 /* Release */,
			);
			defaultConfigurationIsVisible = 0;
			defaultConfigurationName = Release;
		};
/* End XCConfigurationList section */
	};
	rootObject = E3767466237C3A1A00D22625 /* Project object */;
}
